
Microsoft Visual Studio Solution File, Format Version 12.00
# Visual Studio Version 17
VisualStudioVersion = 17.9.34607.119
MinimumVisualStudioVersion = 10.0.40219.1
Project("{FAE04EC0-301F-11D3-BF4B-00C04F79EFBC}") = "AVTRViewer", "AVTRViewer.csproj", "{E6640983-CF76-41D5-A275-6C463F87CA55}"
EndProject
Global
	GlobalSection(SolutionConfigurationPlatforms) = preSolution
		Debug|Any CPU = Debug|Any CPU
		Release|Any CPU = Release|Any CPU
	EndGlobalSection
	GlobalSection(ProjectConfigurationPlatforms) = postSolution
		{E6640983-CF76-41D5-A275-6C463F87CA55}.Debug|Any CPU.ActiveCfg = Debug|Any CPU
		{E6640983-CF76-41D5-A275-6C463F87CA55}.Debug|Any CPU.Build.0 = Debug|Any CPU
		{E6640983-CF76-41D5-A275-6C463F87CA55}.Release|Any CPU.ActiveCfg = Release|Any CPU
		{E6640983-CF76-41D5-A275-6C463F87CA55}.Release|Any CPU.Build.0 = Release|Any CPU
	EndGlobalSection
	GlobalSection(SolutionProperties) = preSolution
		HideSolutionNode = FALSE
	EndGlobalSection
	GlobalSection(ExtensibilityGlobals) = postSolution
		SolutionGuid = {E7D19E75-A0A0-4D0C-B031-958CE7A233AA}
	EndGlobalSection
EndGlobal
